{
  "requires": true,
  "lockfileVersion": 1,
  "dependencies": {
    "detectrtc": {
      "version": "1.3.9",
      "resolved": "https://registry.npmjs.org/detectrtc/-/detectrtc-1.3.9.tgz",
      "integrity": "sha512-uDmANQib8St/dRppyQGXHX36qG2wel5dKHslqz0qr2958rcpN6heOzofV2PoKi7ogtCXpQuz0JUzazWhnLBPcA=="
    }
  }
}
